
Microsoft Visual Studio Solution File, Format Version 12.00
# Visual Studio Version 16
VisualStudioVersion = 16.0.31613.86
MinimumVisualStudioVersion = 10.0.40219.1
Project("{9A19103F-16F7-4668-BE54-9A1E7A4F7556}") = "todoestefa.Common", "todoestefa.Common\todoestefa.Common.csproj", "{343BA1D0-C6CC-4727-B766-6C7C28E77A76}"
EndProject
Project("{9A19103F-16F7-4668-BE54-9A1E7A4F7556}") = "todoestefa.Functions", "todoestefa.Functions\todoestefa.Functions.csproj", "{86B18D91-E77C-4CCC-9014-B55FBE3571E3}"
EndProject
Project("{9A19103F-16F7-4668-BE54-9A1E7A4F7556}") = "todoestefa.Test", "todoestefa.Test\todoestefa.Test.csproj", "{FD31CD73-4C2A-41E4-801D-1612DC29FCA5}"
EndProject
Global
	GlobalSection(SolutionConfigurationPlatforms) = preSolution
		Debug|Any CPU = Debug|Any CPU
		Release|Any CPU = Release|Any CPU
	EndGlobalSection
	GlobalSection(ProjectConfigurationPlatforms) = postSolution
		{343BA1D0-C6CC-4727-B766-6C7C28E77A76}.Debug|Any CPU.ActiveCfg = Debug|Any CPU
		{343BA1D0-C6CC-4727-B766-6C7C28E77A76}.Debug|Any CPU.Build.0 = Debug|Any CPU
		{343BA1D0-C6CC-4727-B766-6C7C28E77A76}.Release|Any CPU.ActiveCfg = Release|Any CPU
		{343BA1D0-C6CC-4727-B766-6C7C28E77A76}.Release|Any CPU.Build.0 = Release|Any CPU
		{86B18D91-E77C-4CCC-9014-B55FBE3571E3}.Debug|Any CPU.ActiveCfg = Debug|Any CPU
		{86B18D91-E77C-4CCC-9014-B55FBE3571E3}.Debug|Any CPU.Build.0 = Debug|Any CPU
		{86B18D91-E77C-4CCC-9014-B55FBE3571E3}.Release|Any CPU.ActiveCfg = Release|Any CPU
		{86B18D91-E77C-4CCC-9014-B55FBE3571E3}.Release|Any CPU.Build.0 = Release|Any CPU
		{FD31CD73-4C2A-41E4-801D-1612DC29FCA5}.Debug|Any CPU.ActiveCfg = Debug|Any CPU
		{FD31CD73-4C2A-41E4-801D-1612DC29FCA5}.Debug|Any CPU.Build.0 = Debug|Any CPU
		{FD31CD73-4C2A-41E4-801D-1612DC29FCA5}.Release|Any CPU.ActiveCfg = Release|Any CPU
		{FD31CD73-4C2A-41E4-801D-1612DC29FCA5}.Release|Any CPU.Build.0 = Release|Any CPU
	EndGlobalSection
	GlobalSection(SolutionProperties) = preSolution
		HideSolutionNode = FALSE
	EndGlobalSection
	GlobalSection(ExtensibilityGlobals) = postSolution
		SolutionGuid = {857EB0B5-A374-4F8F-AEC4-1111FE8C83D1}
	EndGlobalSection
EndGlobal
